// !$*UTF8*$!
{
	archiveVersion = 1;
	classes = {
	};
	objectVersion = 48;
	objects = {

/* Begin PBXBuildFile section */
		3F8DE41C20B5AA6C003BF2BC /* AppDelegate.swift in Sources */ = {isa = PBXBuildFile; fileRef = 3F8DE41B20B5AA6C003BF2BC /* AppDelegate.swift */; };
		3F8DE41E20B5AA6C003BF2BC /* HomeViewController.swift in Sources */ = {isa = PBXBuildFile; fileRef = 3F8DE41D20B5AA6C003BF2BC /* HomeViewController.swift */; };
		3F8DE42120B5AA6C003BF2BC /* Main.storyboard in Resources */ = {isa = PBXBuildFile; fileRef = 3F8DE41F20B5AA6C003BF2BC /* Main.storyboard */; };
		3F8DE42320B5AA6C003BF2BC /* Assets.xcassets in Resources */ = {isa = PBXBuildFile; fileRef = 3F8DE42220B5AA6C003BF2BC /* Assets.xcassets */; };
		3F8DE42620B5AA6C003BF2BC /* LaunchScreen.storyboard in Resources */ = {isa = PBXBuildFile; fileRef = 3F8DE42420B5AA6C003BF2BC /* LaunchScreen.storyboard */; };
		3F8DE44F20B749A4003BF2BC /* customTableViewCell.swift in Sources */ = {isa = PBXBuildFile; fileRef = 3F8DE44D20B749A4003BF2BC /* customTableViewCell.swift */; };
		3F8DE45020B749A4003BF2BC /* customTableViewCell.xib in Resources */ = {isa = PBXBuildFile; fileRef = 3F8DE44E20B749A4003BF2BC /* customTableViewCell.xib */; };
		3F8DE45220BD9099003BF2BC /* PaymentViewController.swift in Sources */ = {isa = PBXBuildFile; fileRef = 3F8DE45120BD9099003BF2BC /* PaymentViewController.swift */; };
		3FA078BB20C864C10012F536 /* MainTabBarController.swift in Sources */ = {isa = PBXBuildFile; fileRef = 3FA078BA20C864C10012F536 /* MainTabBarController.swift */; };
		3FA078BD20C869500012F536 /* DataManager.swift in Sources */ = {isa = PBXBuildFile; fileRef = 3FA078BC20C869500012F536 /* DataManager.swift */; };
		3FD0B40D20CA05A500B11647 /* AddPaymentViewController.swift in Sources */ = {isa = PBXBuildFile; fileRef = 3FD0B40C20CA05A500B11647 /* AddPaymentViewController.swift */; };
		3FF60E3820F3D847007B2542 /* Data.xcdatamodeld in Sources */ = {isa = PBXBuildFile; fileRef = 3FF60E3620F3D847007B2542 /* Data.xcdatamodeld */; };
		3FF60E5E20F644E4007B2542 /* Person+CoreDataClass.swift in Sources */ = {isa = PBXBuildFile; fileRef = 3FF60E5A20F644E4007B2542 /* Person+CoreDataClass.swift */; };
		3FF60E5F20F644E4007B2542 /* Person+CoreDataProperties.swift in Sources */ = {isa = PBXBuildFile; fileRef = 3FF60E5B20F644E4007B2542 /* Person+CoreDataProperties.swift */; };
		3FF60E6020F644E4007B2542 /* History+CoreDataClass.swift in Sources */ = {isa = PBXBuildFile; fileRef = 3FF60E5C20F644E4007B2542 /* History+CoreDataClass.swift */; };
		3FF60E6120F644E4007B2542 /* History+CoreDataProperties.swift in Sources */ = {isa = PBXBuildFile; fileRef = 3FF60E5D20F644E4007B2542 /* History+CoreDataProperties.swift */; };
		3FF60E6420F650AD007B2542 /* DatabaseController.swift in Sources */ = {isa = PBXBuildFile; fileRef = 3FF60E6320F650AD007B2542 /* DatabaseController.swift */; };
		3FF60E6620F79CBC007B2542 /* SettingsViewController.swift in Sources */ = {isa = PBXBuildFile; fileRef = 3FF60E6520F79CBC007B2542 /* SettingsViewController.swift */; };
/* End PBXBuildFile section */

/* Begin PBXContainerItemProxy section */
		3F8DE42D20B5AA6C003BF2BC /* PBXContainerItemProxy */ = {
			isa = PBXContainerItemProxy;
			containerPortal = 3F8DE41020B5AA6C003BF2BC /* Project object */;
			proxyType = 1;
			remoteGlobalIDString = 3F8DE41720B5AA6C003BF2BC;
			remoteInfo = uome;
		};
		3F8DE43820B5AA6C003BF2BC /* PBXContainerItemProxy */ = {
			isa = PBXContainerItemProxy;
			containerPortal = 3F8DE41020B5AA6C003BF2BC /* Project object */;
			proxyType = 1;
			remoteGlobalIDString = 3F8DE41720B5AA6C003BF2BC;
			remoteInfo = uome;
		};
/* End PBXContainerItemProxy section */

/* Begin PBXFileReference section */
		3F8DE41820B5AA6C003BF2BC /* uome.app */ = {isa = PBXFileReference; explicitFileType = wrapper.application; includeInIndex = 0; path = uome.app; sourceTree = BUILT_PRODUCTS_DIR; };
		3F8DE41B20B5AA6C003BF2BC /* AppDelegate.swift */ = {isa = PBXFileReference; lastKnownFileType = sourcecode.swift; path = AppDelegate.swift; sourceTree = "<group>"; };
		3F8DE41D20B5AA6C003BF2BC /* HomeViewController.swift */ = {isa = PBXFileReference; lastKnownFileType = sourcecode.swift; path = HomeViewController.swift; sourceTree = "<group>"; };
		3F8DE42020B5AA6C003BF2BC /* Base */ = {isa = PBXFileReference; lastKnownFileType = file.storyboard; name = Base; path = Base.lproj/Main.storyboard; sourceTree = "<group>"; };
		3F8DE42220B5AA6C003BF2BC /* Assets.xcassets */ = {isa = PBXFileReference; lastKnownFileType = folder.assetcatalog; path = Assets.xcassets; sourceTree = "<group>"; };
		3F8DE42520B5AA6C003BF2BC /* Base */ = {isa = PBXFileReference; lastKnownFileType = file.storyboard; name = Base; path = Base.lproj/LaunchScreen.storyboard; sourceTree = "<group>"; };
		3F8DE42720B5AA6C003BF2BC /* Info.plist */ = {isa = PBXFileReference; lastKnownFileType = text.plist.xml; path = Info.plist; sourceTree = "<group>"; };
		3F8DE42C20B5AA6C003BF2BC /* uomeTests.xctest */ = {isa = PBXFileReference; explicitFileType = wrapper.cfbundle; includeInIndex = 0; path = uomeTests.xctest; sourceTree = BUILT_PRODUCTS_DIR; };
		3F8DE43720B5AA6C003BF2BC /* uomeUITests.xctest */ = {isa = PBXFileReference; explicitFileType = wrapper.cfbundle; includeInIndex = 0; path = uomeUITests.xctest; sourceTree = BUILT_PRODUCTS_DIR; };
		3F8DE44D20B749A4003BF2BC /* customTableViewCell.swift */ = {isa = PBXFileReference; lastKnownFileType = sourcecode.swift; path = customTableViewCell.swift; sourceTree = "<group>"; };
		3F8DE44E20B749A4003BF2BC /* customTableViewCell.xib */ = {isa = PBXFileReference; lastKnownFileType = file.xib; path = customTableViewCell.xib; sourceTree = "<group>"; };
		3F8DE45120BD9099003BF2BC /* PaymentViewController.swift */ = {isa = PBXFileReference; lastKnownFileType = sourcecode.swift; path = PaymentViewController.swift; sourceTree = "<group>"; };
		3FA078BA20C864C10012F536 /* MainTabBarController.swift */ = {isa = PBXFileReference; lastKnownFileType = sourcecode.swift; path = MainTabBarController.swift; sourceTree = "<group>"; };
		3FA078BC20C869500012F536 /* DataManager.swift */ = {isa = PBXFileReference; lastKnownFileType = sourcecode.swift; path = DataManager.swift; sourceTree = "<group>"; };
		3FD0B40C20CA05A500B11647 /* AddPaymentViewController.swift */ = {isa = PBXFileReference; lastKnownFileType = sourcecode.swift; path = AddPaymentViewController.swift; sourceTree = "<group>"; };
		3FF60E3720F3D847007B2542 /* Data.xcdatamodel */ = {isa = PBXFileReference; lastKnownFileType = wrapper.xcdatamodel; path = Data.xcdatamodel; sourceTree = "<group>"; };
		3FF60E5A20F644E4007B2542 /* Person+CoreDataClass.swift */ = {isa = PBXFileReference; lastKnownFileType = sourcecode.swift; path = "Person+CoreDataClass.swift"; sourceTree = "<group>"; };
		3FF60E5B20F644E4007B2542 /* Person+CoreDataProperties.swift */ = {isa = PBXFileReference; lastKnownFileType = sourcecode.swift; path = "Person+CoreDataProperties.swift"; sourceTree = "<group>"; };
		3FF60E5C20F644E4007B2542 /* History+CoreDataClass.swift */ = {isa = PBXFileReference; lastKnownFileType = sourcecode.swift; path = "History+CoreDataClass.swift"; sourceTree = "<group>"; };
		3FF60E5D20F644E4007B2542 /* History+CoreDataProperties.swift */ = {isa = PBXFileReference; lastKnownFileType = sourcecode.swift; path = "History+CoreDataProperties.swift"; sourceTree = "<group>"; };
		3FF60E6320F650AD007B2542 /* DatabaseController.swift */ = {isa = PBXFileReference; lastKnownFileType = sourcecode.swift; path = DatabaseController.swift; sourceTree = "<group>"; };
		3FF60E6520F79CBC007B2542 /* SettingsViewController.swift */ = {isa = PBXFileReference; lastKnownFileType = sourcecode.swift; path = SettingsViewController.swift; sourceTree = "<group>"; };
/* End PBXFileReference section */

/* Begin PBXFrameworksBuildPhase section */
		3F8DE41520B5AA6C003BF2BC /* Frameworks */ = {
			isa = PBXFrameworksBuildPhase;
			buildActionMask = 2147483647;
			files = (
			);
			runOnlyForDeploymentPostprocessing = 0;
		};
		3F8DE42920B5AA6C003BF2BC /* Frameworks */ = {
			isa = PBXFrameworksBuildPhase;
			buildActionMask = 2147483647;
			files = (
			);
			runOnlyForDeploymentPostprocessing = 0;
		};
		3F8DE43420B5AA6C003BF2BC /* Frameworks */ = {
			isa = PBXFrameworksBuildPhase;
			buildActionMask = 2147483647;
			files = (
			);
			runOnlyForDeploymentPostprocessing = 0;
		};
/* End PBXFrameworksBuildPhase section */

/* Begin PBXGroup section */
		3F38FF172141AF2B0054133F /* UserInterface */ = {
			isa = PBXGroup;
			children = (
				3F38FF192141AF880054133F /* ViewControllers */,
				3F38FF182141AF840054133F /* Cells */,
			);
			path = UserInterface;
			sourceTree = "<group>";
		};
		3F38FF182141AF840054133F /* Cells */ = {
			isa = PBXGroup;
			children = (
				3F8DE44D20B749A4003BF2BC /* customTableViewCell.swift */,
				3F8DE44E20B749A4003BF2BC /* customTableViewCell.xib */,
			);
			path = Cells;
			sourceTree = "<group>";
		};
		3F38FF192141AF880054133F /* ViewControllers */ = {
			isa = PBXGroup;
			children = (
				3FA078BA20C864C10012F536 /* MainTabBarController.swift */,
				3F8DE41D20B5AA6C003BF2BC /* HomeViewController.swift */,
				3F8DE45120BD9099003BF2BC /* PaymentViewController.swift */,
				3FD0B40C20CA05A500B11647 /* AddPaymentViewController.swift */,
				3FF60E6520F79CBC007B2542 /* SettingsViewController.swift */,
			);
			path = ViewControllers;
			sourceTree = "<group>";
		};
		3F38FF1A2141AFC20054133F /* Storyboards */ = {
			isa = PBXGroup;
			children = (
				3F8DE41F20B5AA6C003BF2BC /* Main.storyboard */,
				3F8DE42420B5AA6C003BF2BC /* LaunchScreen.storyboard */,
			);
			path = Storyboards;
			sourceTree = "<group>";
		};
		3F38FF1B2141B01D0054133F /* Resources */ = {
			isa = PBXGroup;
			children = (
				3F8DE42220B5AA6C003BF2BC /* Assets.xcassets */,
			);
			path = Resources;
			sourceTree = "<group>";
		};
		3F38FF1C2141B0A50054133F /* CoreData */ = {
			isa = PBXGroup;
			children = (
				3FF60E5A20F644E4007B2542 /* Person+CoreDataClass.swift */,
				3FF60E5B20F644E4007B2542 /* Person+CoreDataProperties.swift */,
				3FF60E5C20F644E4007B2542 /* History+CoreDataClass.swift */,
				3FF60E5D20F644E4007B2542 /* History+CoreDataProperties.swift */,
			);
			path = CoreData;
			sourceTree = "<group>";
		};
		3F8DE40F20B5AA6C003BF2BC = {
			isa = PBXGroup;
			children = (
				847DED4320D89CB200006FBB /* Managers */,
				3F8DE41A20B5AA6C003BF2BC /* uome */,
				3F8DE41920B5AA6C003BF2BC /* Products */,
			);
			sourceTree = "<group>";
		};
		3F8DE41920B5AA6C003BF2BC /* Products */ = {
			isa = PBXGroup;
			children = (
				3F8DE41820B5AA6C003BF2BC /* uome.app */,
				3F8DE42C20B5AA6C003BF2BC /* uomeTests.xctest */,
				3F8DE43720B5AA6C003BF2BC /* uomeUITests.xctest */,
			);
			name = Products;
			sourceTree = "<group>";
		};
		3F8DE41A20B5AA6C003BF2BC /* uome */ = {
			isa = PBXGroup;
			children = (
				3FF60E6220F644FD007B2542 /* Classes */,
				3F8DE41B20B5AA6C003BF2BC /* AppDelegate.swift */,
				3FF60E6320F650AD007B2542 /* DatabaseController.swift */,
				3FA078BC20C869500012F536 /* DataManager.swift */,
				3F8DE42720B5AA6C003BF2BC /* Info.plist */,
				3F38FF1B2141B01D0054133F /* Resources */,
			);
			path = uome;
			sourceTree = "<group>";
		};
		3FF60E6220F644FD007B2542 /* Classes */ = {
			isa = PBXGroup;
			children = (
				3F38FF1C2141B0A50054133F /* CoreData */,
				3F38FF1A2141AFC20054133F /* Storyboards */,
				3F38FF172141AF2B0054133F /* UserInterface */,
			);
			path = Classes;
			sourceTree = "<group>";
		};
		847DED4320D89CB200006FBB /* Managers */ = {
			isa = PBXGroup;
			children = (
				3FF60E3620F3D847007B2542 /* Data.xcdatamodeld */,
			);
			path = Managers;
			sourceTree = "<group>";
		};
/* End PBXGroup section */

/* Begin PBXNativeTarget section */
		3F8DE41720B5AA6C003BF2BC /* uome */ = {
			isa = PBXNativeTarget;
			buildConfigurationList = 3F8DE44020B5AA6C003BF2BC /* Build configuration list for PBXNativeTarget "uome" */;
			buildPhases = (
				3F8DE41420B5AA6C003BF2BC /* Sources */,
				3F8DE41520B5AA6C003BF2BC /* Frameworks */,
				3F8DE41620B5AA6C003BF2BC /* Resources */,
			);
			buildRules = (
			);
			dependencies = (
			);
			name = uome;
			productName = uome;
			productReference = 3F8DE41820B5AA6C003BF2BC /* uome.app */;
			productType = "com.apple.product-type.application";
		};
		3F8DE42B20B5AA6C003BF2BC /* uomeTests */ = {
			isa = PBXNativeTarget;
			buildConfigurationList = 3F8DE44320B5AA6C003BF2BC /* Build configuration list for PBXNativeTarget "uomeTests" */;
			buildPhases = (
				3F8DE42820B5AA6C003BF2BC /* Sources */,
				3F8DE42920B5AA6C003BF2BC /* Frameworks */,
				3F8DE42A20B5AA6C003BF2BC /* Resources */,
			);
			buildRules = (
			);
			dependencies = (
				3F8DE42E20B5AA6C003BF2BC /* PBXTargetDependency */,
			);
			name = uomeTests;
			productName = uomeTests;
			productReference = 3F8DE42C20B5AA6C003BF2BC /* uomeTests.xctest */;
			productType = "com.apple.product-type.bundle.unit-test";
		};
		3F8DE43620B5AA6C003BF2BC /* uomeUITests */ = {
			isa = PBXNativeTarget;
			buildConfigurationList = 3F8DE44620B5AA6C003BF2BC /* Build configuration list for PBXNativeTarget "uomeUITests" */;
			buildPhases = (
				3F8DE43320B5AA6C003BF2BC /* Sources */,
				3F8DE43420B5AA6C003BF2BC /* Frameworks */,
				3F8DE43520B5AA6C003BF2BC /* Resources */,
			);
			buildRules = (
			);
			dependencies = (
				3F8DE43920B5AA6C003BF2BC /* PBXTargetDependency */,
			);
			name = uomeUITests;
			productName = uomeUITests;
			productReference = 3F8DE43720B5AA6C003BF2BC /* uomeUITests.xctest */;
			productType = "com.apple.product-type.bundle.ui-testing";
		};
/* End PBXNativeTarget section */

/* Begin PBXProject section */
		3F8DE41020B5AA6C003BF2BC /* Project object */ = {
			isa = PBXProject;
			attributes = {
				LastSwiftUpdateCheck = 0920;
				LastUpgradeCheck = 0940;
				ORGANIZATIONNAME = "George Hajjar";
				TargetAttributes = {
					3F8DE41720B5AA6C003BF2BC = {
						CreatedOnToolsVersion = 9.2;
						ProvisioningStyle = Automatic;
					};
					3F8DE42B20B5AA6C003BF2BC = {
						CreatedOnToolsVersion = 9.2;
						ProvisioningStyle = Automatic;
						TestTargetID = 3F8DE41720B5AA6C003BF2BC;
					};
					3F8DE43620B5AA6C003BF2BC = {
						CreatedOnToolsVersion = 9.2;
						ProvisioningStyle = Automatic;
						TestTargetID = 3F8DE41720B5AA6C003BF2BC;
					};
				};
			};
			buildConfigurationList = 3F8DE41320B5AA6C003BF2BC /* Build configuration list for PBXProject "uome" */;
			compatibilityVersion = "Xcode 8.0";
			developmentRegion = en;
			hasScannedForEncodings = 0;
			knownRegions = (
				en,
				Base,
			);
			mainGroup = 3F8DE40F20B5AA6C003BF2BC;
			productRefGroup = 3F8DE41920B5AA6C003BF2BC /* Products */;
			projectDirPath = "";
			projectRoot = "";
			targets = (
				3F8DE41720B5AA6C003BF2BC /* uome */,
				3F8DE42B20B5AA6C003BF2BC /* uomeTests */,
				3F8DE43620B5AA6C003BF2BC /* uomeUITests */,
			);
		};
/* End PBXProject section */

/* Begin PBXResourcesBuildPhase section */
		3F8DE41620B5AA6C003BF2BC /* Resources */ = {
			isa = PBXResourcesBuildPhase;
			buildActionMask = 2147483647;
			files = (
				3F8DE42620B5AA6C003BF2BC /* LaunchScreen.storyboard in Resources */,
				3F8DE42320B5AA6C003BF2BC /* Assets.xcassets in Resources */,
				3F8DE45020B749A4003BF2BC /* customTableViewCell.xib in Resources */,
				3F8DE42120B5AA6C003BF2BC /* Main.storyboard in Resources */,
			);
			runOnlyForDeploymentPostprocessing = 0;
		};
		3F8DE42A20B5AA6C003BF2BC /* Resources */ = {
			isa = PBXResourcesBuildPhase;
			buildActionMask = 2147483647;
			files = (
			);
			runOnlyForDeploymentPostprocessing = 0;
		};
		3F8DE43520B5AA6C003BF2BC /* Resources */ = {
			isa = PBXResourcesBuildPhase;
			buildActionMask = 2147483647;
			files = (
			);
			runOnlyForDeploymentPostprocessing = 0;
		};
/* End PBXResourcesBuildPhase section */

/* Begin PBXSourcesBuildPhase section */
		3F8DE41420B5AA6C003BF2BC /* Sources */ = {
			isa = PBXSourcesBuildPhase;
			buildActionMask = 2147483647;
			files = (
				3F8DE41E20B5AA6C003BF2BC /* HomeViewController.swift in Sources */,
				3F8DE41C20B5AA6C003BF2BC /* AppDelegate.swift in Sources */,
				3FF60E6020F644E4007B2542 /* History+CoreDataClass.swift in Sources */,
				3FA078BB20C864C10012F536 /* MainTabBarController.swift in Sources */,
				3FA078BD20C869500012F536 /* DataManager.swift in Sources */,
				3F8DE44F20B749A4003BF2BC /* customTableViewCell.swift in Sources */,
				3FF60E5E20F644E4007B2542 /* Person+CoreDataClass.swift in Sources */,
				3FF60E5F20F644E4007B2542 /* Person+CoreDataProperties.swift in Sources */,
				3FF60E6120F644E4007B2542 /* History+CoreDataProperties.swift in Sources */,
				3FF60E6620F79CBC007B2542 /* SettingsViewController.swift in Sources */,
				3FD0B40D20CA05A500B11647 /* AddPaymentViewController.swift in Sources */,
				3FF60E3820F3D847007B2542 /* Data.xcdatamodeld in Sources */,
				3F8DE45220BD9099003BF2BC /* PaymentViewController.swift in Sources */,
				3FF60E6420F650AD007B2542 /* DatabaseController.swift in Sources */,
			);
			runOnlyForDeploymentPostprocessing = 0;
		};
		3F8DE42820B5AA6C003BF2BC /* Sources */ = {
			isa = PBXSourcesBuildPhase;
			buildActionMask = 2147483647;
			files = (
			);
			runOnlyForDeploymentPostprocessing = 0;
		};
		3F8DE43320B5AA6C003BF2BC /* Sources */ = {
			isa = PBXSourcesBuildPhase;
			buildActionMask = 2147483647;
			files = (
			);
			runOnlyForDeploymentPostprocessing = 0;
		};
/* End PBXSourcesBuildPhase section */

/* Begin PBXTargetDependency section */
		3F8DE42E20B5AA6C003BF2BC /* PBXTargetDependency */ = {
			isa = PBXTargetDependency;
			target = 3F8DE41720B5AA6C003BF2BC /* uome */;
			targetProxy = 3F8DE42D20B5AA6C003BF2BC /* PBXContainerItemProxy */;
		};
		3F8DE43920B5AA6C003BF2BC /* PBXTargetDependency */ = {
			isa = PBXTargetDependency;
			target = 3F8DE41720B5AA6C003BF2BC /* uome */;
			targetProxy = 3F8DE43820B5AA6C003BF2BC /* PBXContainerItemProxy */;
		};
/* End PBXTargetDependency section */

/* Begin PBXVariantGroup section */
		3F8DE41F20B5AA6C003BF2BC /* Main.storyboard */ = {
			isa = PBXVariantGroup;
			children = (
				3F8DE42020B5AA6C003BF2BC /* Base */,
			);
			name = Main.storyboard;
			sourceTree = "<group>";
		};
		3F8DE42420B5AA6C003BF2BC /* LaunchScreen.storyboard */ = {
			isa = PBXVariantGroup;
			children = (
				3F8DE42520B5AA6C003BF2BC /* Base */,
			);
			name = LaunchScreen.storyboard;
			sourceTree = "<group>";
		};
/* End PBXVariantGroup section */

/* Begin XCBuildConfiguration section */
		3F8DE43E20B5AA6C003BF2BC /* Debug */ = {
			isa = XCBuildConfiguration;
			buildSettings = {
				ALWAYS_SEARCH_USER_PATHS = NO;
				CLANG_ANALYZER_NONNULL = YES;
				CLANG_ANALYZER_NUMBER_OBJECT_CONVERSION = YES_AGGRESSIVE;
				CLANG_CXX_LANGUAGE_STANDARD = "gnu++14";
				CLANG_CXX_LIBRARY = "libc++";
				CLANG_ENABLE_MODULES = YES;
				CLANG_ENABLE_OBJC_ARC = YES;
				CLANG_WARN_BLOCK_CAPTURE_AUTORELEASING = YES;
				CLANG_WARN_BOOL_CONVERSION = YES;
				CLANG_WARN_COMMA = YES;
				CLANG_WARN_CONSTANT_CONVERSION = YES;
				CLANG_WARN_DEPRECATED_OBJC_IMPLEMENTATIONS = YES;
				CLANG_WARN_DIRECT_OBJC_ISA_USAGE = YES_ERROR;
				CLANG_WARN_DOCUMENTATION_COMMENTS = YES;
				CLANG_WARN_EMPTY_BODY = YES;
				CLANG_WARN_ENUM_CONVERSION = YES;
				CLANG_WARN_INFINITE_RECURSION = YES;
				CLANG_WARN_INT_CONVERSION = YES;
				CLANG_WARN_NON_LITERAL_NULL_CONVERSION = YES;
				CLANG_WARN_OBJC_IMPLICIT_RETAIN_SELF = YES;
				CLANG_WARN_OBJC_LITERAL_CONVERSION = YES;
				CLANG_WARN_OBJC_ROOT_CLASS = YES_ERROR;
				CLANG_WARN_RANGE_LOOP_ANALYSIS = YES;
				CLANG_WARN_STRICT_PROTOTYPES = YES;
				CLANG_WARN_SUSPICIOUS_MOVE = YES;
				CLANG_WARN_UNGUARDED_AVAILABILITY = YES_AGGRESSIVE;
				CLANG_WARN_UNREACHABLE_CODE = YES;
				CLANG_WARN__DUPLICATE_METHOD_MATCH = YES;
				CODE_SIGN_IDENTITY = "iPhone Developer";
				COPY_PHASE_STRIP = NO;
				DEBUG_INFORMATION_FORMAT = dwarf;
				ENABLE_STRICT_OBJC_MSGSEND = YES;
				ENABLE_TESTABILITY = YES;
				GCC_C_LANGUAGE_STANDARD = gnu11;
				GCC_DYNAMIC_NO_PIC = NO;
				GCC_NO_COMMON_BLOCKS = YES;
				GCC_OPTIMIZATION_LEVEL = 0;
				GCC_PREPROCESSOR_DEFINITIONS = (
					"DEBUG=1",
					"$(inherited)",
				);
				GCC_WARN_64_TO_32_BIT_CONVERSION = YES;
				GCC_WARN_ABOUT_RETURN_TYPE = YES_ERROR;
				GCC_WARN_UNDECLARED_SELECTOR = YES;
				GCC_WARN_UNINITIALIZED_AUTOS = YES_AGGRESSIVE;
				GCC_WARN_UNUSED_FUNCTION = YES;
				GCC_WARN_UNUSED_VARIABLE = YES;
				IPHONEOS_DEPLOYMENT_TARGET = 11.2;
				MTL_ENABLE_DEBUG_INFO = YES;
				ONLY_ACTIVE_ARCH = YES;
				SDKROOT = iphoneos;
				SWIFT_ACTIVE_COMPILATION_CONDITIONS = DEBUG;
				SWIFT_OPTIMIZATION_LEVEL = "-Onone";
			};
			name = Debug;
		};
		3F8DE43F20B5AA6C003BF2BC /* Release */ = {
			isa = XCBuildConfiguration;
			buildSettings = {
				ALWAYS_SEARCH_USER_PATHS = NO;
				CLANG_ANALYZER_NONNULL = YES;
				CLANG_ANALYZER_NUMBER_OBJECT_CONVERSION = YES_AGGRESSIVE;
				CLANG_CXX_LANGUAGE_STANDARD = "gnu++14";
				CLANG_CXX_LIBRARY = "libc++";
				CLANG_ENABLE_MODULES = YES;
				CLANG_ENABLE_OBJC_ARC = YES;
				CLANG_WARN_BLOCK_CAPTURE_AUTORELEASING = YES;
				CLANG_WARN_BOOL_CONVERSION = YES;
				CLANG_WARN_COMMA = YES;
				CLANG_WARN_CONSTANT_CONVERSION = YES;
				CLANG_WARN_DEPRECATED_OBJC_IMPLEMENTATIONS = YES;
				CLANG_WARN_DIRECT_OBJC_ISA_USAGE = YES_ERROR;
				CLANG_WARN_DOCUMENTATION_COMMENTS = YES;
				CLANG_WARN_EMPTY_BODY = YES;
				CLANG_WARN_ENUM_CONVERSION = YES;
				CLANG_WARN_INFINITE_RECURSION = YES;
				CLANG_WARN_INT_CONVERSION = YES;
				CLANG_WARN_NON_LITERAL_NULL_CONVERSION = YES;
				CLANG_WARN_OBJC_IMPLICIT_RETAIN_SELF = YES;
				CLANG_WARN_OBJC_LITERAL_CONVERSION = YES;
				CLANG_WARN_OBJC_ROOT_CLASS = YES_ERROR;
				CLANG_WARN_RANGE_LOOP_ANALYSIS = YES;
				CLANG_WARN_STRICT_PROTOTYPES = YES;
				CLANG_WARN_SUSPICIOUS_MOVE = YES;
				CLANG_WARN_UNGUARDED_AVAILABILITY = YES_AGGRESSIVE;
				CLANG_WARN_UNREACHABLE_CODE = YES;
				CLANG_WARN__DUPLICATE_METHOD_MATCH = YES;
				CODE_SIGN_IDENTITY = "iPhone Developer";
				COPY_PHASE_STRIP = NO;
				DEBUG_INFORMATION_FORMAT = "dwarf-with-dsym";
				ENABLE_NS_ASSERTIONS = NO;
				ENABLE_STRICT_OBJC_MSGSEND = YES;
				GCC_C_LANGUAGE_STANDARD = gnu11;
				GCC_NO_COMMON_BLOCKS = YES;
				GCC_WARN_64_TO_32_BIT_CONVERSION = YES;
				GCC_WARN_ABOUT_RETURN_TYPE = YES_ERROR;
				GCC_WARN_UNDECLARED_SELECTOR = YES;
				GCC_WARN_UNINITIALIZED_AUTOS = YES_AGGRESSIVE;
				GCC_WARN_UNUSED_FUNCTION = YES;
				GCC_WARN_UNUSED_VARIABLE = YES;
				IPHONEOS_DEPLOYMENT_TARGET = 11.2;
				MTL_ENABLE_DEBUG_INFO = NO;
				SDKROOT = iphoneos;
				SWIFT_OPTIMIZATION_LEVEL = "-Owholemodule";
				VALIDATE_PRODUCT = YES;
			};
			name = Release;
		};
		3F8DE44120B5AA6C003BF2BC /* Debug */ = {
			isa = XCBuildConfiguration;
			buildSettings = {
				ASSETCATALOG_COMPILER_APPICON_NAME = AppIcon;
				"CODE_SIGN_IDENTITY[sdk=iphoneos*]" = "iPhone Developer";
				CODE_SIGN_STYLE = Automatic;
				DEVELOPMENT_TEAM = "";
				INFOPLIST_FILE = uome/Info.plist;
				LD_RUNPATH_SEARCH_PATHS = "$(inherited) @executable_path/Frameworks";
				PRODUCT_BUNDLE_IDENTIFIER = george.uome;
				PRODUCT_NAME = "$(TARGET_NAME)";
				PROVISIONING_PROFILE_SPECIFIER = "";
				SWIFT_VERSION = 4.0;
				TARGETED_DEVICE_FAMILY = "1,2";
			};
			name = Debug;
		};
		3F8DE44220B5AA6C003BF2BC /* Release */ = {
			isa = XCBuildConfiguration;
			buildSettings = {
				ASSETCATALOG_COMPILER_APPICON_NAME = AppIcon;
				"CODE_SIGN_IDENTITY[sdk=iphoneos*]" = "iPhone Developer";
				CODE_SIGN_STYLE = Automatic;
				DEVELOPMENT_TEAM = "";
				INFOPLIST_FILE = uome/Info.plist;
				LD_RUNPATH_SEARCH_PATHS = "$(inherited) @executable_path/Frameworks";
				PRODUCT_BUNDLE_IDENTIFIER = george.uome;
				PRODUCT_NAME = "$(TARGET_NAME)";
				PROVISIONING_PROFILE_SPECIFIER = "";
				SWIFT_VERSION = 4.0;
				TARGETED_DEVICE_FAMILY = "1,2";
			};
			name = Release;
		};
		3F8DE44420B5AA6C003BF2BC /* Debug */ = {
			isa = XCBuildConfiguration;
			buildSettings = {
				ALWAYS_EMBED_SWIFT_STANDARD_LIBRARIES = YES;
				BUNDLE_LOADER = "$(TEST_HOST)";
				CODE_SIGN_STYLE = Automatic;
				INFOPLIST_FILE = uomeTests/Info.plist;
				LD_RUNPATH_SEARCH_PATHS = "$(inherited) @executable_path/Frameworks @loader_path/Frameworks";
				PRODUCT_BUNDLE_IDENTIFIER = george.uomeTests;
				PRODUCT_NAME = "$(TARGET_NAME)";
				SWIFT_VERSION = 4.0;
				TARGETED_DEVICE_FAMILY = "1,2";
				TEST_HOST = "$(BUILT_PRODUCTS_DIR)/uome.app/uome";
			};
			name = Debug;
		};
		3F8DE44520B5AA6C003BF2BC /* Release */ = {
			isa = XCBuildConfiguration;
			buildSettings = {
				ALWAYS_EMBED_SWIFT_STANDARD_LIBRARIES = YES;
				BUNDLE_LOADER = "$(TEST_HOST)";
				CODE_SIGN_STYLE = Automatic;
				INFOPLIST_FILE = uomeTests/Info.plist;
				LD_RUNPATH_SEARCH_PATHS = "$(inherited) @executable_path/Frameworks @loader_path/Frameworks";
				PRODUCT_BUNDLE_IDENTIFIER = george.uomeTests;
				PRODUCT_NAME = "$(TARGET_NAME)";
				SWIFT_VERSION = 4.0;
				TARGETED_DEVICE_FAMILY = "1,2";
				TEST_HOST = "$(BUILT_PRODUCTS_DIR)/uome.app/uome";
			};
			name = Release;
		};
		3F8DE44720B5AA6C003BF2BC /* Debug */ = {
			isa = XCBuildConfiguration;
			buildSettings = {
				ALWAYS_EMBED_SWIFT_STANDARD_LIBRARIES = YES;
				CODE_SIGN_STYLE = Automatic;
				INFOPLIST_FILE = uomeUITests/Info.plist;
				LD_RUNPATH_SEARCH_PATHS = "$(inherited) @executable_path/Frameworks @loader_path/Frameworks";
				PRODUCT_BUNDLE_IDENTIFIER = george.uomeUITests;
				PRODUCT_NAME = "$(TARGET_NAME)";
				SWIFT_VERSION = 4.0;
				TARGETED_DEVICE_FAMILY = "1,2";
				TEST_TARGET_NAME = uome;
			};
			name = Debug;
		};
		3F8DE44820B5AA6C003BF2BC /* Release */ = {
			isa = XCBuildConfiguration;
			buildSettings = {
				ALWAYS_EMBED_SWIFT_STANDARD_LIBRARIES = YES;
				CODE_SIGN_STYLE = Automatic;
				INFOPLIST_FILE = uomeUITests/Info.plist;
				LD_RUNPATH_SEARCH_PATHS = "$(inherited) @executable_path/Frameworks @loader_path/Frameworks";
				PRODUCT_BUNDLE_IDENTIFIER = george.uomeUITests;
				PRODUCT_NAME = "$(TARGET_NAME)";
				SWIFT_VERSION = 4.0;
				TARGETED_DEVICE_FAMILY = "1,2";
				TEST_TARGET_NAME = uome;
			};
			name = Release;
		};
/* End XCBuildConfiguration section */

/* Begin XCConfigurationList section */
		3F8DE41320B5AA6C003BF2BC /* Build configuration list for PBXProject "uome" */ = {
			isa = XCConfigurationList;
			buildConfigurations = (
				3F8DE43E20B5AA6C003BF2BC /* Debug */,
				3F8DE43F20B5AA6C003BF2BC /* Release */,
			);
			defaultConfigurationIsVisible = 0;
			defaultConfigurationName = Release;
		};
		3F8DE44020B5AA6C003BF2BC /* Build configuration list for PBXNativeTarget "uome" */ = {
			isa = XCConfigurationList;
			buildConfigurations = (
				3F8DE44120B5AA6C003BF2BC /* Debug */,
				3F8DE44220B5AA6C003BF2BC /* Release */,
			);
			defaultConfigurationIsVisible = 0;
			defaultConfigurationName = Release;
		};
		3F8DE44320B5AA6C003BF2BC /* Build configuration list for PBXNativeTarget "uomeTests" */ = {
			isa = XCConfigurationList;
			buildConfigurations = (
				3F8DE44420B5AA6C003BF2BC /* Debug */,
				3F8DE44520B5AA6C003BF2BC /* Release */,
			);
			defaultConfigurationIsVisible = 0;
			defaultConfigurationName = Release;
		};
		3F8DE44620B5AA6C003BF2BC /* Build configuration list for PBXNativeTarget "uomeUITests" */ = {
			isa = XCConfigurationList;
			buildConfigurations = (
				3F8DE44720B5AA6C003BF2BC /* Debug */,
				3F8DE44820B5AA6C003BF2BC /* Release */,
			);
			defaultConfigurationIsVisible = 0;
			defaultConfigurationName = Release;
		};
/* End XCConfigurationList section */

/* Begin XCVersionGroup section */
		3FF60E3620F3D847007B2542 /* Data.xcdatamodeld */ = {
			isa = XCVersionGroup;
			children = (
				3FF60E3720F3D847007B2542 /* Data.xcdatamodel */,
			);
			currentVersion = 3FF60E3720F3D847007B2542 /* Data.xcdatamodel */;
			path = Data.xcdatamodeld;
			sourceTree = "<group>";
			versionGroupType = wrapper.xcdatamodel;
		};
/* End XCVersionGroup section */
	};
	rootObject = 3F8DE41020B5AA6C003BF2BC /* Project object */;
}
